// !$*UTF8*$!
{
	archiveVersion = 1;
	classes = {
	};
	objectVersion = 50;
	objects = {

/* Begin PBXBuildFile section */
		4899A2D321992D8F00D17038 /* AppDelegate.swift in Sources */ = {isa = PBXBuildFile; fileRef = 4899A2D221992D8F00D17038 /* AppDelegate.swift */; };
		4899A2D521992D8F00D17038 /* art.scnassets in Resources */ = {isa = PBXBuildFile; fileRef = 4899A2D421992D8F00D17038 /* art.scnassets */; };
		4899A2D721992D8F00D17038 /* ViewController.swift in Sources */ = {isa = PBXBuildFile; fileRef = 4899A2D621992D8F00D17038 /* ViewController.swift */; };
		4899A2DA21992D8F00D17038 /* Main.storyboard in Resources */ = {isa = PBXBuildFile; fileRef = 4899A2D821992D8F00D17038 /* Main.storyboard */; };
		4899A2DC21992D9000D17038 /* Assets.xcassets in Resources */ = {isa = PBXBuildFile; fileRef = 4899A2DB21992D9000D17038 /* Assets.xcassets */; };
		4899A2DF21992D9000D17038 /* LaunchScreen.storyboard in Resources */ = {isa = PBXBuildFile; fileRef = 4899A2DD21992D9000D17038 /* LaunchScreen.storyboard */; };
		4899A2E8219935B700D17038 /* DeviceScene.sks in Resources */ = {isa = PBXBuildFile; fileRef = 4899A2E7219935B700D17038 /* DeviceScene.sks */; };
		4899A2EC219BF34300D17038 /* DialogViewController.swift in Sources */ = {isa = PBXBuildFile; fileRef = 4899A2EB219BF34300D17038 /* DialogViewController.swift */; };
		4899A2EE219BF77900D17038 /* DialogCollectionViewCell.swift in Sources */ = {isa = PBXBuildFile; fileRef = 4899A2ED219BF77900D17038 /* DialogCollectionViewCell.swift */; };
/* End PBXBuildFile section */

/* Begin PBXFileReference section */
		4899A2CF21992D8F00D17038 /* ImageDetectionAR.app */ = {isa = PBXFileReference; explicitFileType = wrapper.application; includeInIndex = 0; path = ImageDetectionAR.app; sourceTree = BUILT_PRODUCTS_DIR; };
		4899A2D221992D8F00D17038 /* AppDelegate.swift */ = {isa = PBXFileReference; lastKnownFileType = sourcecode.swift; path = AppDelegate.swift; sourceTree = "<group>"; };
		4899A2D421992D8F00D17038 /* art.scnassets */ = {isa = PBXFileReference; lastKnownFileType = wrapper.scnassets; path = art.scnassets; sourceTree = "<group>"; };
		4899A2D621992D8F00D17038 /* ViewController.swift */ = {isa = PBXFileReference; lastKnownFileType = sourcecode.swift; path = ViewController.swift; sourceTree = "<group>"; };
		4899A2D921992D8F00D17038 /* Base */ = {isa = PBXFileReference; lastKnownFileType = file.storyboard; name = Base; path = Base.lproj/Main.storyboard; sourceTree = "<group>"; };
		4899A2DB21992D9000D17038 /* Assets.xcassets */ = {isa = PBXFileReference; lastKnownFileType = folder.assetcatalog; path = Assets.xcassets; sourceTree = "<group>"; };
		4899A2DE21992D9000D17038 /* Base */ = {isa = PBXFileReference; lastKnownFileType = file.storyboard; name = Base; path = Base.lproj/LaunchScreen.storyboard; sourceTree = "<group>"; };
		4899A2E021992D9000D17038 /* Info.plist */ = {isa = PBXFileReference; lastKnownFileType = text.plist.xml; path = Info.plist; sourceTree = "<group>"; };
		4899A2E62199344E00D17038 /* README.md */ = {isa = PBXFileReference; lastKnownFileType = net.daringfireball.markdown; path = README.md; sourceTree = "<group>"; };
		4899A2E7219935B700D17038 /* DeviceScene.sks */ = {isa = PBXFileReference; lastKnownFileType = file.sks; path = DeviceScene.sks; sourceTree = "<group>"; };
		4899A2EB219BF34300D17038 /* DialogViewController.swift */ = {isa = PBXFileReference; lastKnownFileType = sourcecode.swift; path = DialogViewController.swift; sourceTree = "<group>"; };
		4899A2ED219BF77900D17038 /* DialogCollectionViewCell.swift */ = {isa = PBXFileReference; lastKnownFileType = sourcecode.swift; path = DialogCollectionViewCell.swift; sourceTree = "<group>"; };
/* End PBXFileReference section */

/* Begin PBXFrameworksBuildPhase section */
		4899A2CC21992D8F00D17038 /* Frameworks */ = {
			isa = PBXFrameworksBuildPhase;
			buildActionMask = 2147483647;
			files = (
			);
			runOnlyForDeploymentPostprocessing = 0;
		};
/* End PBXFrameworksBuildPhase section */

/* Begin PBXGroup section */
		4899A2C621992D8F00D17038 = {
			isa = PBXGroup;
			children = (
				4899A2E62199344E00D17038 /* README.md */,
				4899A2D121992D8F00D17038 /* ImageDetectionAR */,
				4899A2D021992D8F00D17038 /* Products */,
			);
			sourceTree = "<group>";
		};
		4899A2D021992D8F00D17038 /* Products */ = {
			isa = PBXGroup;
			children = (
				4899A2CF21992D8F00D17038 /* ImageDetectionAR.app */,
			);
			name = Products;
			sourceTree = "<group>";
		};
		4899A2D121992D8F00D17038 /* ImageDetectionAR */ = {
			isa = PBXGroup;
			children = (
				4899A2D221992D8F00D17038 /* AppDelegate.swift */,
				4899A2D421992D8F00D17038 /* art.scnassets */,
				4899A2D621992D8F00D17038 /* ViewController.swift */,
				4899A2EB219BF34300D17038 /* DialogViewController.swift */,
				4899A2ED219BF77900D17038 /* DialogCollectionViewCell.swift */,
				4899A2E7219935B700D17038 /* DeviceScene.sks */,
				4899A2D821992D8F00D17038 /* Main.storyboard */,
				4899A2DB21992D9000D17038 /* Assets.xcassets */,
				4899A2DD21992D9000D17038 /* LaunchScreen.storyboard */,
				4899A2E021992D9000D17038 /* Info.plist */,
			);
			path = ImageDetectionAR;
			sourceTree = "<group>";
		};
/* End PBXGroup section */

/* Begin PBXNativeTarget section */
		4899A2CE21992D8F00D17038 /* ImageDetectionAR */ = {
			isa = PBXNativeTarget;
			buildConfigurationList = 4899A2E321992D9000D17038 /* Build configuration list for PBXNativeTarget "ImageDetectionAR" */;
			buildPhases = (
				4899A2CB21992D8F00D17038 /* Sources */,
				4899A2CC21992D8F00D17038 /* Frameworks */,
				4899A2CD21992D8F00D17038 /* Resources */,
			);
			buildRules = (
			);
			dependencies = (
			);
			name = ImageDetectionAR;
			productName = ImageDetectionAR;
			productReference = 4899A2CF21992D8F00D17038 /* ImageDetectionAR.app */;
			productType = "com.apple.product-type.application";
		};
/* End PBXNativeTarget section */

/* Begin PBXProject section */
		4899A2C721992D8F00D17038 /* Project object */ = {
			isa = PBXProject;
			attributes = {
				LastSwiftUpdateCheck = 1010;
				LastUpgradeCheck = 1010;
				ORGANIZATIONNAME = samchon;
				TargetAttributes = {
					4899A2CE21992D8F00D17038 = {
						CreatedOnToolsVersion = 10.1;
					};
				};
			};
			buildConfigurationList = 4899A2CA21992D8F00D17038 /* Build configuration list for PBXProject "ImageDetectionAR" */;
			compatibilityVersion = "Xcode 9.3";
			developmentRegion = en;
			hasScannedForEncodings = 0;
			knownRegions = (
				en,
				Base,
			);
			mainGroup = 4899A2C621992D8F00D17038;
			productRefGroup = 4899A2D021992D8F00D17038 /* Products */;
			projectDirPath = "";
			projectRoot = "";
			targets = (
				4899A2CE21992D8F00D17038 /* ImageDetectionAR */,
			);
		};
/* End PBXProject section */

/* Begin PBXResourcesBuildPhase section */
		4899A2CD21992D8F00D17038 /* Resources */ = {
			isa = PBXResourcesBuildPhase;
			buildActionMask = 2147483647;
			files = (
				4899A2D521992D8F00D17038 /* art.scnassets in Resources */,
				4899A2E8219935B700D17038 /* DeviceScene.sks in Resources */,
				4899A2DF21992D9000D17038 /* LaunchScreen.storyboard in Resources */,
				4899A2DC21992D9000D17038 /* Assets.xcassets in Resources */,
				4899A2DA21992D8F00D17038 /* Main.storyboard in Resources */,
			);
			runOnlyForDeploymentPostprocessing = 0;
		};
/* End PBXResourcesBuildPhase section */

/* Begin PBXSourcesBuildPhase section */
		4899A2CB21992D8F00D17038 /* Sources */ = {
			isa = PBXSourcesBuildPhase;
			buildActionMask = 2147483647;
			files = (
				4899A2EE219BF77900D17038 /* DialogCollectionViewCell.swift in Sources */,
				4899A2D721992D8F00D17038 /* ViewController.swift in Sources */,
				4899A2D321992D8F00D17038 /* AppDelegate.swift in Sources */,
				4899A2EC219BF34300D17038 /* DialogViewController.swift in Sources */,
			);
			runOnlyForDeploymentPostprocessing = 0;
		};
/* End PBXSourcesBuildPhase section */

/* Begin PBXVariantGroup section */
		4899A2D821992D8F00D17038 /* Main.storyboard */ = {
			isa = PBXVariantGroup;
			children = (
				4899A2D921992D8F00D17038 /* Base */,
			);
			name = Main.storyboard;
			sourceTree = "<group>";
		};
		4899A2DD21992D9000D17038 /* LaunchScreen.storyboard */ = {
			isa = PBXVariantGroup;
			children = (
				4899A2DE21992D9000D17038 /* Base */,
			);
			name = LaunchScreen.storyboard;
			sourceTree = "<group>";
		};
/* End PBXVariantGroup section */

/* Begin XCBuildConfiguration section */
		4899A2E121992D9000D17038 /* Debug */ = {
			isa = XCBuildConfiguration;
			buildSettings = {
				ALWAYS_SEARCH_USER_PATHS = NO;
				CLANG_ANALYZER_NONNULL = YES;
				CLANG_ANALYZER_NUMBER_OBJECT_CONVERSION = YES_AGGRESSIVE;
				CLANG_CXX_LANGUAGE_STANDARD = "gnu++14";
				CLANG_CXX_LIBRARY = "libc++";
				CLANG_ENABLE_MODULES = YES;
				CLANG_ENABLE_OBJC_ARC = YES;
				CLANG_ENABLE_OBJC_WEAK = YES;
				CLANG_WARN_BLOCK_CAPTURE_AUTORELEASING = YES;
				CLANG_WARN_BOOL_CONVERSION = YES;
				CLANG_WARN_COMMA = YES;
				CLANG_WARN_CONSTANT_CONVERSION = YES;
				CLANG_WARN_DEPRECATED_OBJC_IMPLEMENTATIONS = YES;
				CLANG_WARN_DIRECT_OBJC_ISA_USAGE = YES_ERROR;
				CLANG_WARN_DOCUMENTATION_COMMENTS = YES;
				CLANG_WARN_EMPTY_BODY = YES;
				CLANG_WARN_ENUM_CONVERSION = YES;
				CLANG_WARN_INFINITE_RECURSION = YES;
				CLANG_WARN_INT_CONVERSION = YES;
				CLANG_WARN_NON_LITERAL_NULL_CONVERSION = YES;
				CLANG_WARN_OBJC_IMPLICIT_RETAIN_SELF = YES;
				CLANG_WARN_OBJC_LITERAL_CONVERSION = YES;
				CLANG_WARN_OBJC_ROOT_CLASS = YES_ERROR;
				CLANG_WARN_RANGE_LOOP_ANALYSIS = YES;
				CLANG_WARN_STRICT_PROTOTYPES = YES;
				CLANG_WARN_SUSPICIOUS_MOVE = YES;
				CLANG_WARN_UNGUARDED_AVAILABILITY = YES_AGGRESSIVE;
				CLANG_WARN_UNREACHABLE_CODE = YES;
				CLANG_WARN__DUPLICATE_METHOD_MATCH = YES;
				CODE_SIGN_IDENTITY = "iPhone Developer";
				COPY_PHASE_STRIP = NO;
				DEBUG_INFORMATION_FORMAT = dwarf;
				ENABLE_STRICT_OBJC_MSGSEND = YES;
				ENABLE_TESTABILITY = YES;
				GCC_C_LANGUAGE_STANDARD = gnu11;
				GCC_DYNAMIC_NO_PIC = NO;
				GCC_NO_COMMON_BLOCKS = YES;
				GCC_OPTIMIZATION_LEVEL = 0;
				GCC_PREPROCESSOR_DEFINITIONS = (
					"DEBUG=1",
					"$(inherited)",
				);
				GCC_WARN_64_TO_32_BIT_CONVERSION = YES;
				GCC_WARN_ABOUT_RETURN_TYPE = YES_ERROR;
				GCC_WARN_UNDECLARED_SELECTOR = YES;
				GCC_WARN_UNINITIALIZED_AUTOS = YES_AGGRESSIVE;
				GCC_WARN_UNUSED_FUNCTION = YES;
				GCC_WARN_UNUSED_VARIABLE = YES;
				IPHONEOS_DEPLOYMENT_TARGET = 12.1;
				MTL_ENABLE_DEBUG_INFO = INCLUDE_SOURCE;
				MTL_FAST_MATH = YES;
				ONLY_ACTIVE_ARCH = YES;
				SDKROOT = iphoneos;
				SWIFT_ACTIVE_COMPILATION_CONDITIONS = DEBUG;
				SWIFT_OPTIMIZATION_LEVEL = "-Onone";
			};
			name = Debug;
		};
		4899A2E221992D9000D17038 /* Release */ = {
			isa = XCBuildConfiguration;
			buildSettings = {
				ALWAYS_SEARCH_USER_PATHS = NO;
				CLANG_ANALYZER_NONNULL = YES;
				CLANG_ANALYZER_NUMBER_OBJECT_CONVERSION = YES_AGGRESSIVE;
				CLANG_CXX_LANGUAGE_STANDARD = "gnu++14";
				CLANG_CXX_LIBRARY = "libc++";
				CLANG_ENABLE_MODULES = YES;
				CLANG_ENABLE_OBJC_ARC = YES;
				CLANG_ENABLE_OBJC_WEAK = YES;
				CLANG_WARN_BLOCK_CAPTURE_AUTORELEASING = YES;
				CLANG_WARN_BOOL_CONVERSION = YES;
				CLANG_WARN_COMMA = YES;
				CLANG_WARN_CONSTANT_CONVERSION = YES;
				CLANG_WARN_DEPRECATED_OBJC_IMPLEMENTATIONS = YES;
				CLANG_WARN_DIRECT_OBJC_ISA_USAGE = YES_ERROR;
				CLANG_WARN_DOCUMENTATION_COMMENTS = YES;
				CLANG_WARN_EMPTY_BODY = YES;
				CLANG_WARN_ENUM_CONVERSION = YES;
				CLANG_WARN_INFINITE_RECURSION = YES;
				CLANG_WARN_INT_CONVERSION = YES;
				CLANG_WARN_NON_LITERAL_NULL_CONVERSION = YES;
				CLANG_WARN_OBJC_IMPLICIT_RETAIN_SELF = YES;
				CLANG_WARN_OBJC_LITERAL_CONVERSION = YES;
				CLANG_WARN_OBJC_ROOT_CLASS = YES_ERROR;
				CLANG_WARN_RANGE_LOOP_ANALYSIS = YES;
				CLANG_WARN_STRICT_PROTOTYPES = YES;
				CLANG_WARN_SUSPICIOUS_MOVE = YES;
				CLANG_WARN_UNGUARDED_AVAILABILITY = YES_AGGRESSIVE;
				CLANG_WARN_UNREACHABLE_CODE = YES;
				CLANG_WARN__DUPLICATE_METHOD_MATCH = YES;
				CODE_SIGN_IDENTITY = "iPhone Developer";
				COPY_PHASE_STRIP = NO;
				DEBUG_INFORMATION_FORMAT = "dwarf-with-dsym";
				ENABLE_NS_ASSERTIONS = NO;
				ENABLE_STRICT_OBJC_MSGSEND = YES;
				GCC_C_LANGUAGE_STANDARD = gnu11;
				GCC_NO_COMMON_BLOCKS = YES;
				GCC_WARN_64_TO_32_BIT_CONVERSION = YES;
				GCC_WARN_ABOUT_RETURN_TYPE = YES_ERROR;
				GCC_WARN_UNDECLARED_SELECTOR = YES;
				GCC_WARN_UNINITIALIZED_AUTOS = YES_AGGRESSIVE;
				GCC_WARN_UNUSED_FUNCTION = YES;
				GCC_WARN_UNUSED_VARIABLE = YES;
				IPHONEOS_DEPLOYMENT_TARGET = 12.1;
				MTL_ENABLE_DEBUG_INFO = NO;
				MTL_FAST_MATH = YES;
				SDKROOT = iphoneos;
				SWIFT_COMPILATION_MODE = wholemodule;
				SWIFT_OPTIMIZATION_LEVEL = "-O";
				VALIDATE_PRODUCT = YES;
			};
			name = Release;
		};
		4899A2E421992D9000D17038 /* Debug */ = {
			isa = XCBuildConfiguration;
			buildSettings = {
				ASSETCATALOG_COMPILER_APPICON_NAME = AppIcon;
				CODE_SIGN_STYLE = Automatic;
				DEVELOPMENT_TEAM = CA736F4E8H;
				INFOPLIST_FILE = ImageDetectionAR/Info.plist;
				LD_RUNPATH_SEARCH_PATHS = (
					"$(inherited)",
					"@executable_path/Frameworks",
				);
				PRODUCT_BUNDLE_IDENTIFIER = com.samchon.ImageDetectionAR;
				PRODUCT_NAME = "$(TARGET_NAME)";
				SWIFT_VERSION = 4.2;
				TARGETED_DEVICE_FAMILY = "1,2";
			};
			name = Debug;
		};
		4899A2E521992D9000D17038 /* Release */ = {
			isa = XCBuildConfiguration;
			buildSettings = {
				ASSETCATALOG_COMPILER_APPICON_NAME = AppIcon;
				CODE_SIGN_STYLE = Automatic;
				DEVELOPMENT_TEAM = CA736F4E8H;
				INFOPLIST_FILE = ImageDetectionAR/Info.plist;
				LD_RUNPATH_SEARCH_PATHS = (
					"$(inherited)",
					"@executable_path/Frameworks",
				);
				PRODUCT_BUNDLE_IDENTIFIER = com.samchon.ImageDetectionAR;
				PRODUCT_NAME = "$(TARGET_NAME)";
				SWIFT_VERSION = 4.2;
				TARGETED_DEVICE_FAMILY = "1,2";
			};
			name = Release;
		};
/* End XCBuildConfiguration section */

/* Begin XCConfigurationList section */
		4899A2CA21992D8F00D17038 /* Build configuration list for PBXProject "ImageDetectionAR" */ = {
			isa = XCConfigurationList;
			buildConfigurations = (
				4899A2E121992D9000D17038 /* Debug */,
				4899A2E221992D9000D17038 /* Release */,
			);
			defaultConfigurationIsVisible = 0;
			defaultConfigurationName = Release;
		};
		4899A2E321992D9000D17038 /* Build configuration list for PBXNativeTarget "ImageDetectionAR" */ = {
			isa = XCConfigurationList;
			buildConfigurations = (
				4899A2E421992D9000D17038 /* Debug */,
				4899A2E521992D9000D17038 /* Release */,
			);
			defaultConfigurationIsVisible = 0;
			defaultConfigurationName = Release;
		};
/* End XCConfigurationList section */
	};
	rootObject = 4899A2C721992D8F00D17038 /* Project object */;
}
